
Microsoft Visual Studio Solution File, Format Version 11.00
# Visual C++ Express 2010
Project("{8BC9CEB8-8B4A-11D0-8D11-00A0C91BC942}") = "Parse", "Parse\Parse.vcxproj", "{0B2B31A4-38C3-44DE-A130-DBDDB6697162}"
EndProject
Global
	GlobalSection(SolutionConfigurationPlatforms) = preSolution
		Debug|Win32 = Debug|Win32
		Release|Win32 = Release|Win32
	EndGlobalSection
	GlobalSection(ProjectConfigurationPlatforms) = postSolution
		{0B2B31A4-38C3-44DE-A130-DBDDB6697162}.Debug|Win32.ActiveCfg = Debug|Win32
		{0B2B31A4-38C3-44DE-A130-DBDDB6697162}.Debug|Win32.Build.0 = Debug|Win32
		{0B2B31A4-38C3-44DE-A130-DBDDB6697162}.Release|Win32.ActiveCfg = Release|Win32
		{0B2B31A4-38C3-44DE-A130-DBDDB6697162}.Release|Win32.Build.0 = Release|Win32
	EndGlobalSection
	GlobalSection(SolutionProperties) = preSolution
		HideSolutionNode = FALSE
	EndGlobalSection
EndGlobal
